
Microsoft Visual Studio Solution File, Format Version 12.00
# Visual Studio Version 17
VisualStudioVersion = 17.2.32408.312
MinimumVisualStudioVersion = 10.0.40219.1
Project("{9A19103F-16F7-4668-BE54-9A1E7A4F7556}") = "LQClass.Admin", "LQClass.Admin\LQClass.Admin.csproj", "{0CA3266D-3F8F-432E-A0DB-3D8BA3CACB67}"
EndProject
Project("{9A19103F-16F7-4668-BE54-9A1E7A4F7556}") = "LQClass.Admin.Model", "LQClass.Admin.Model\LQClass.Admin.Model.csproj", "{7DBBA4ED-5F5A-418A-B656-00CE8032CCC1}"
EndProject
Project("{9A19103F-16F7-4668-BE54-9A1E7A4F7556}") = "LQClass.Admin.DataAccess", "LQClass.Admin.DataAccess\LQClass.Admin.DataAccess.csproj", "{92DFD6B5-C254-4180-BB0E-1BA931FF4AD0}"
EndProject
Project("{9A19103F-16F7-4668-BE54-9A1E7A4F7556}") = "LQClass.Admin.ViewModel", "LQClass.Admin.ViewModel\LQClass.Admin.ViewModel.csproj", "{6BB04B96-BD14-4D2D-936B-5C3A2D786053}"
EndProject
Project("{9A19103F-16F7-4668-BE54-9A1E7A4F7556}") = "LQClass.Admin.Test", "LQClass.Admin.Test\LQClass.Admin.Test.csproj", "{2E0D1FAD-926A-4FD1-AB51-265FEEB631EA}"
EndProject
Global
	GlobalSection(SolutionConfigurationPlatforms) = preSolution
		Debug|Any CPU = Debug|Any CPU
		Release|Any CPU = Release|Any CPU
	EndGlobalSection
	GlobalSection(ProjectConfigurationPlatforms) = postSolution
		{0CA3266D-3F8F-432E-A0DB-3D8BA3CACB67}.Debug|Any CPU.ActiveCfg = Debug|Any CPU
		{0CA3266D-3F8F-432E-A0DB-3D8BA3CACB67}.Debug|Any CPU.Build.0 = Debug|Any CPU
		{0CA3266D-3F8F-432E-A0DB-3D8BA3CACB67}.Release|Any CPU.ActiveCfg = Release|Any CPU
		{0CA3266D-3F8F-432E-A0DB-3D8BA3CACB67}.Release|Any CPU.Build.0 = Release|Any CPU
		{7DBBA4ED-5F5A-418A-B656-00CE8032CCC1}.Debug|Any CPU.ActiveCfg = Debug|Any CPU
		{7DBBA4ED-5F5A-418A-B656-00CE8032CCC1}.Debug|Any CPU.Build.0 = Debug|Any CPU
		{7DBBA4ED-5F5A-418A-B656-00CE8032CCC1}.Release|Any CPU.ActiveCfg = Release|Any CPU
		{7DBBA4ED-5F5A-418A-B656-00CE8032CCC1}.Release|Any CPU.Build.0 = Release|Any CPU
		{92DFD6B5-C254-4180-BB0E-1BA931FF4AD0}.Debug|Any CPU.ActiveCfg = Debug|Any CPU
		{92DFD6B5-C254-4180-BB0E-1BA931FF4AD0}.Debug|Any CPU.Build.0 = Debug|Any CPU
		{92DFD6B5-C254-4180-BB0E-1BA931FF4AD0}.Release|Any CPU.ActiveCfg = Release|Any CPU
		{92DFD6B5-C254-4180-BB0E-1BA931FF4AD0}.Release|Any CPU.Build.0 = Release|Any CPU
		{6BB04B96-BD14-4D2D-936B-5C3A2D786053}.Debug|Any CPU.ActiveCfg = Debug|Any CPU
		{6BB04B96-BD14-4D2D-936B-5C3A2D786053}.Debug|Any CPU.Build.0 = Debug|Any CPU
		{6BB04B96-BD14-4D2D-936B-5C3A2D786053}.Release|Any CPU.ActiveCfg = Release|Any CPU
		{6BB04B96-BD14-4D2D-936B-5C3A2D786053}.Release|Any CPU.Build.0 = Release|Any CPU
		{2E0D1FAD-926A-4FD1-AB51-265FEEB631EA}.Debug|Any CPU.ActiveCfg = Debug|Any CPU
		{2E0D1FAD-926A-4FD1-AB51-265FEEB631EA}.Debug|Any CPU.Build.0 = Debug|Any CPU
		{2E0D1FAD-926A-4FD1-AB51-265FEEB631EA}.Release|Any CPU.ActiveCfg = Release|Any CPU
		{2E0D1FAD-926A-4FD1-AB51-265FEEB631EA}.Release|Any CPU.Build.0 = Release|Any CPU
	EndGlobalSection
	GlobalSection(SolutionProperties) = preSolution
		HideSolutionNode = FALSE
	EndGlobalSection
	GlobalSection(ExtensibilityGlobals) = postSolution
		SolutionGuid = {1F219808-E6E8-4C1D-B846-41F2F7CF20FA}
	EndGlobalSection
EndGlobal
