
Microsoft Visual Studio Solution File, Format Version 12.00
# Visual Studio Version 16
VisualStudioVersion = 16.0.30711.63
MinimumVisualStudioVersion = 10.0.40219.1
Project("{9A19103F-16F7-4668-BE54-9A1E7A4F7556}") = "LQClass", "LQClass\LQClass.csproj", "{2F04DA57-5D26-481F-9974-E62B9BF3B77E}"
EndProject
Project("{9A19103F-16F7-4668-BE54-9A1E7A4F7556}") = "LQClass.Model", "LQClass.Model\LQClass.Model.csproj", "{EE0C8002-9ED6-4225-A80B-68473A0A141B}"
EndProject
Project("{9A19103F-16F7-4668-BE54-9A1E7A4F7556}") = "LQClass.DataAccess", "LQClass.DataAccess\LQClass.DataAccess.csproj", "{CD5680AE-4FB1-4029-B0E2-DF52E3A6AB52}"
EndProject
Project("{9A19103F-16F7-4668-BE54-9A1E7A4F7556}") = "LQClass.ViewModel", "LQClass.ViewModel\LQClass.ViewModel.csproj", "{0D828A3D-B509-4472-B6ED-236D4A48AF31}"
EndProject
Project("{9A19103F-16F7-4668-BE54-9A1E7A4F7556}") = "LQClass.Test", "LQClass.Test\LQClass.Test.csproj", "{231131E4-1239-4C3D-A3D9-7D93BD542311}"
EndProject
Global
	GlobalSection(SolutionConfigurationPlatforms) = preSolution
		Debug|Any CPU = Debug|Any CPU
		Release|Any CPU = Release|Any CPU
	EndGlobalSection
	GlobalSection(ProjectConfigurationPlatforms) = postSolution
		{2F04DA57-5D26-481F-9974-E62B9BF3B77E}.Debug|Any CPU.ActiveCfg = Debug|Any CPU
		{2F04DA57-5D26-481F-9974-E62B9BF3B77E}.Debug|Any CPU.Build.0 = Debug|Any CPU
		{2F04DA57-5D26-481F-9974-E62B9BF3B77E}.Release|Any CPU.ActiveCfg = Release|Any CPU
		{2F04DA57-5D26-481F-9974-E62B9BF3B77E}.Release|Any CPU.Build.0 = Release|Any CPU
		{EE0C8002-9ED6-4225-A80B-68473A0A141B}.Debug|Any CPU.ActiveCfg = Debug|Any CPU
		{EE0C8002-9ED6-4225-A80B-68473A0A141B}.Debug|Any CPU.Build.0 = Debug|Any CPU
		{EE0C8002-9ED6-4225-A80B-68473A0A141B}.Release|Any CPU.ActiveCfg = Release|Any CPU
		{EE0C8002-9ED6-4225-A80B-68473A0A141B}.Release|Any CPU.Build.0 = Release|Any CPU
		{CD5680AE-4FB1-4029-B0E2-DF52E3A6AB52}.Debug|Any CPU.ActiveCfg = Debug|Any CPU
		{CD5680AE-4FB1-4029-B0E2-DF52E3A6AB52}.Debug|Any CPU.Build.0 = Debug|Any CPU
		{CD5680AE-4FB1-4029-B0E2-DF52E3A6AB52}.Release|Any CPU.ActiveCfg = Release|Any CPU
		{CD5680AE-4FB1-4029-B0E2-DF52E3A6AB52}.Release|Any CPU.Build.0 = Release|Any CPU
		{0D828A3D-B509-4472-B6ED-236D4A48AF31}.Debug|Any CPU.ActiveCfg = Debug|Any CPU
		{0D828A3D-B509-4472-B6ED-236D4A48AF31}.Debug|Any CPU.Build.0 = Debug|Any CPU
		{0D828A3D-B509-4472-B6ED-236D4A48AF31}.Release|Any CPU.ActiveCfg = Release|Any CPU
		{0D828A3D-B509-4472-B6ED-236D4A48AF31}.Release|Any CPU.Build.0 = Release|Any CPU
		{231131E4-1239-4C3D-A3D9-7D93BD542311}.Debug|Any CPU.ActiveCfg = Debug|Any CPU
		{231131E4-1239-4C3D-A3D9-7D93BD542311}.Debug|Any CPU.Build.0 = Debug|Any CPU
		{231131E4-1239-4C3D-A3D9-7D93BD542311}.Release|Any CPU.ActiveCfg = Release|Any CPU
		{231131E4-1239-4C3D-A3D9-7D93BD542311}.Release|Any CPU.Build.0 = Release|Any CPU
	EndGlobalSection
	GlobalSection(SolutionProperties) = preSolution
		HideSolutionNode = FALSE
	EndGlobalSection
	GlobalSection(ExtensibilityGlobals) = postSolution
		SolutionGuid = {1F219808-E6E8-4C1D-B846-41F2F7CF20FA}
	EndGlobalSection
EndGlobal
