
Microsoft Visual Studio Solution File, Format Version 12.00
# Visual Studio Version 17
VisualStudioVersion = 17.2.32408.312
MinimumVisualStudioVersion = 10.0.40219.1
Project("{9A19103F-16F7-4668-BE54-9A1E7A4F7556}") = "LQClass.Admin", "LQClass.Admin\LQClass.Admin.csproj", "{48143279-A949-480A-864C-DEB943B04F7D}"
EndProject
Project("{9A19103F-16F7-4668-BE54-9A1E7A4F7556}") = "LQClass.Admin.Model", "LQClass.Admin.Model\LQClass.Admin.Model.csproj", "{A41C416A-DE4B-4E1F-83D3-366085B51B44}"
EndProject
Project("{9A19103F-16F7-4668-BE54-9A1E7A4F7556}") = "LQClass.Admin.DataAccess", "LQClass.Admin.DataAccess\LQClass.Admin.DataAccess.csproj", "{0B22921A-5611-49BE-A9FC-F920E8AC0384}"
EndProject
Project("{9A19103F-16F7-4668-BE54-9A1E7A4F7556}") = "LQClass.Admin.ViewModel", "LQClass.Admin.ViewModel\LQClass.Admin.ViewModel.csproj", "{03CFE97B-3E90-469B-AE9E-BD9737DFF6FB}"
EndProject
Project("{9A19103F-16F7-4668-BE54-9A1E7A4F7556}") = "LQClass.Admin.Test", "LQClass.Admin.Test\LQClass.Admin.Test.csproj", "{0A6A812A-0512-47B6-9596-E5E7705D195F}"
EndProject
Global
	GlobalSection(SolutionConfigurationPlatforms) = preSolution
		Debug|Any CPU = Debug|Any CPU
		Release|Any CPU = Release|Any CPU
	EndGlobalSection
	GlobalSection(ProjectConfigurationPlatforms) = postSolution
		{48143279-A949-480A-864C-DEB943B04F7D}.Debug|Any CPU.ActiveCfg = Debug|Any CPU
		{48143279-A949-480A-864C-DEB943B04F7D}.Debug|Any CPU.Build.0 = Debug|Any CPU
		{48143279-A949-480A-864C-DEB943B04F7D}.Release|Any CPU.ActiveCfg = Release|Any CPU
		{48143279-A949-480A-864C-DEB943B04F7D}.Release|Any CPU.Build.0 = Release|Any CPU
		{A41C416A-DE4B-4E1F-83D3-366085B51B44}.Debug|Any CPU.ActiveCfg = Debug|Any CPU
		{A41C416A-DE4B-4E1F-83D3-366085B51B44}.Debug|Any CPU.Build.0 = Debug|Any CPU
		{A41C416A-DE4B-4E1F-83D3-366085B51B44}.Release|Any CPU.ActiveCfg = Release|Any CPU
		{A41C416A-DE4B-4E1F-83D3-366085B51B44}.Release|Any CPU.Build.0 = Release|Any CPU
		{0B22921A-5611-49BE-A9FC-F920E8AC0384}.Debug|Any CPU.ActiveCfg = Debug|Any CPU
		{0B22921A-5611-49BE-A9FC-F920E8AC0384}.Debug|Any CPU.Build.0 = Debug|Any CPU
		{0B22921A-5611-49BE-A9FC-F920E8AC0384}.Release|Any CPU.ActiveCfg = Release|Any CPU
		{0B22921A-5611-49BE-A9FC-F920E8AC0384}.Release|Any CPU.Build.0 = Release|Any CPU
		{03CFE97B-3E90-469B-AE9E-BD9737DFF6FB}.Debug|Any CPU.ActiveCfg = Debug|Any CPU
		{03CFE97B-3E90-469B-AE9E-BD9737DFF6FB}.Debug|Any CPU.Build.0 = Debug|Any CPU
		{03CFE97B-3E90-469B-AE9E-BD9737DFF6FB}.Release|Any CPU.ActiveCfg = Release|Any CPU
		{03CFE97B-3E90-469B-AE9E-BD9737DFF6FB}.Release|Any CPU.Build.0 = Release|Any CPU
		{0A6A812A-0512-47B6-9596-E5E7705D195F}.Debug|Any CPU.ActiveCfg = Debug|Any CPU
		{0A6A812A-0512-47B6-9596-E5E7705D195F}.Debug|Any CPU.Build.0 = Debug|Any CPU
		{0A6A812A-0512-47B6-9596-E5E7705D195F}.Release|Any CPU.ActiveCfg = Release|Any CPU
		{0A6A812A-0512-47B6-9596-E5E7705D195F}.Release|Any CPU.Build.0 = Release|Any CPU
	EndGlobalSection
	GlobalSection(SolutionProperties) = preSolution
		HideSolutionNode = FALSE
	EndGlobalSection
	GlobalSection(ExtensibilityGlobals) = postSolution
		SolutionGuid = {1F219808-E6E8-4C1D-B846-41F2F7CF20FA}
	EndGlobalSection
EndGlobal
