
Microsoft Visual Studio Solution File, Format Version 12.00
# Visual Studio Version 16
VisualStudioVersion = 16.0.30803.129
MinimumVisualStudioVersion = 10.0.40219.1
Project("{9A19103F-16F7-4668-BE54-9A1E7A4F7556}") = "LQClass", "LQClass\LQClass.csproj", "{DB0F6221-EBCD-414A-952B-486216C8A269}"
EndProject
Project("{9A19103F-16F7-4668-BE54-9A1E7A4F7556}") = "LQClass.Model", "LQClass.Model\LQClass.Model.csproj", "{2A3E5B8E-A0CB-4B61-85EF-F00A123657BB}"
EndProject
Project("{9A19103F-16F7-4668-BE54-9A1E7A4F7556}") = "LQClass.DataAccess", "LQClass.DataAccess\LQClass.DataAccess.csproj", "{21731779-5E0A-401D-B4DC-A8476AA7974C}"
EndProject
Project("{9A19103F-16F7-4668-BE54-9A1E7A4F7556}") = "LQClass.ViewModel", "LQClass.ViewModel\LQClass.ViewModel.csproj", "{C56ADA74-CB02-42E2-B1B0-386904959521}"
EndProject
Project("{9A19103F-16F7-4668-BE54-9A1E7A4F7556}") = "LQClass.Test", "LQClass.Test\LQClass.Test.csproj", "{FDB5802B-65F1-4DED-94E7-13CAFA86B0E0}"
EndProject
Global
	GlobalSection(SolutionConfigurationPlatforms) = preSolution
		Debug|Any CPU = Debug|Any CPU
		Release|Any CPU = Release|Any CPU
	EndGlobalSection
	GlobalSection(ProjectConfigurationPlatforms) = postSolution
		{DB0F6221-EBCD-414A-952B-486216C8A269}.Debug|Any CPU.ActiveCfg = Debug|Any CPU
		{DB0F6221-EBCD-414A-952B-486216C8A269}.Debug|Any CPU.Build.0 = Debug|Any CPU
		{DB0F6221-EBCD-414A-952B-486216C8A269}.Release|Any CPU.ActiveCfg = Release|Any CPU
		{DB0F6221-EBCD-414A-952B-486216C8A269}.Release|Any CPU.Build.0 = Release|Any CPU
		{2A3E5B8E-A0CB-4B61-85EF-F00A123657BB}.Debug|Any CPU.ActiveCfg = Debug|Any CPU
		{2A3E5B8E-A0CB-4B61-85EF-F00A123657BB}.Debug|Any CPU.Build.0 = Debug|Any CPU
		{2A3E5B8E-A0CB-4B61-85EF-F00A123657BB}.Release|Any CPU.ActiveCfg = Release|Any CPU
		{2A3E5B8E-A0CB-4B61-85EF-F00A123657BB}.Release|Any CPU.Build.0 = Release|Any CPU
		{21731779-5E0A-401D-B4DC-A8476AA7974C}.Debug|Any CPU.ActiveCfg = Debug|Any CPU
		{21731779-5E0A-401D-B4DC-A8476AA7974C}.Debug|Any CPU.Build.0 = Debug|Any CPU
		{21731779-5E0A-401D-B4DC-A8476AA7974C}.Release|Any CPU.ActiveCfg = Release|Any CPU
		{21731779-5E0A-401D-B4DC-A8476AA7974C}.Release|Any CPU.Build.0 = Release|Any CPU
		{C56ADA74-CB02-42E2-B1B0-386904959521}.Debug|Any CPU.ActiveCfg = Debug|Any CPU
		{C56ADA74-CB02-42E2-B1B0-386904959521}.Debug|Any CPU.Build.0 = Debug|Any CPU
		{C56ADA74-CB02-42E2-B1B0-386904959521}.Release|Any CPU.ActiveCfg = Release|Any CPU
		{C56ADA74-CB02-42E2-B1B0-386904959521}.Release|Any CPU.Build.0 = Release|Any CPU
		{FDB5802B-65F1-4DED-94E7-13CAFA86B0E0}.Debug|Any CPU.ActiveCfg = Debug|Any CPU
		{FDB5802B-65F1-4DED-94E7-13CAFA86B0E0}.Debug|Any CPU.Build.0 = Debug|Any CPU
		{FDB5802B-65F1-4DED-94E7-13CAFA86B0E0}.Release|Any CPU.ActiveCfg = Release|Any CPU
		{FDB5802B-65F1-4DED-94E7-13CAFA86B0E0}.Release|Any CPU.Build.0 = Release|Any CPU
	EndGlobalSection
	GlobalSection(SolutionProperties) = preSolution
		HideSolutionNode = FALSE
	EndGlobalSection
	GlobalSection(ExtensibilityGlobals) = postSolution
		SolutionGuid = {1F219808-E6E8-4C1D-B846-41F2F7CF20FA}
	EndGlobalSection
EndGlobal
