
Microsoft Visual Studio Solution File, Format Version 12.00
# Visual Studio 15
VisualStudioVersion = 15.0.28307.329
MinimumVisualStudioVersion = 10.0.40219.1
Project("{FAE04EC0-301F-11D3-BF4B-00C04F79EFBC}") = "LQClass", "LQClass\LQClass.csproj", "{db0f6221-ebcd-414a-952b-486216c8a269}"
EndProject
Project("{FAE04EC0-301F-11D3-BF4B-00C04F79EFBC}") = "LQClass.Model", "LQClass.Model\LQClass.Model.csproj", "{2a3e5b8e-a0cb-4b61-85ef-f00a123657bb}"
EndProject
Project("{FAE04EC0-301F-11D3-BF4B-00C04F79EFBC}") = "LQClass.DataAccess", "LQClass.DataAccess\LQClass.DataAccess.csproj", "{21731779-5e0a-401d-b4dc-a8476aa7974c}"
EndProject
Project("{FAE04EC0-301F-11D3-BF4B-00C04F79EFBC}") = "LQClass.ViewModel", "LQClass.ViewModel\LQClass.ViewModel.csproj", "{c56ada74-cb02-42e2-b1b0-386904959521}"
EndProject
Project("{FAE04EC0-301F-11D3-BF4B-00C04F79EFBC}") = "LQClass.Test", "LQClass.Test\LQClass.Test.csproj", "{fdb5802b-65f1-4ded-94e7-13cafa86b0e0}"
EndProject

Global
	GlobalSection(SolutionConfigurationPlatforms) = preSolution
		Debug|Any CPU = Debug|Any CPU
		Release|Any CPU = Release|Any CPU
	EndGlobalSection
	GlobalSection(ProjectConfigurationPlatforms) = postSolution
		{db0f6221-ebcd-414a-952b-486216c8a269}.Debug|Any CPU.ActiveCfg = Debug|Any CPU
		{db0f6221-ebcd-414a-952b-486216c8a269}.Debug|Any CPU.Build.0 = Debug|Any CPU
		{db0f6221-ebcd-414a-952b-486216c8a269}.Release|Any CPU.ActiveCfg = Release|Any CPU
		{db0f6221-ebcd-414a-952b-486216c8a269}.Release|Any CPU.Build.0 = Release|Any CPU
		{2a3e5b8e-a0cb-4b61-85ef-f00a123657bb}.Debug|Any CPU.ActiveCfg = Debug|Any CPU
		{2a3e5b8e-a0cb-4b61-85ef-f00a123657bb}.Debug|Any CPU.Build.0 = Debug|Any CPU
		{2a3e5b8e-a0cb-4b61-85ef-f00a123657bb}.Release|Any CPU.ActiveCfg = Release|Any CPU
		{2a3e5b8e-a0cb-4b61-85ef-f00a123657bb}.Release|Any CPU.Build.0 = Release|Any CPU
		{21731779-5e0a-401d-b4dc-a8476aa7974c}.Debug|Any CPU.ActiveCfg = Debug|Any CPU
		{21731779-5e0a-401d-b4dc-a8476aa7974c}.Debug|Any CPU.Build.0 = Debug|Any CPU
		{21731779-5e0a-401d-b4dc-a8476aa7974c}.Release|Any CPU.ActiveCfg = Release|Any CPU
		{21731779-5e0a-401d-b4dc-a8476aa7974c}.Release|Any CPU.Build.0 = Release|Any CPU
		{c56ada74-cb02-42e2-b1b0-386904959521}.Debug|Any CPU.ActiveCfg = Debug|Any CPU
		{c56ada74-cb02-42e2-b1b0-386904959521}.Debug|Any CPU.Build.0 = Debug|Any CPU
		{c56ada74-cb02-42e2-b1b0-386904959521}.Release|Any CPU.ActiveCfg = Release|Any CPU
		{c56ada74-cb02-42e2-b1b0-386904959521}.Release|Any CPU.Build.0 = Release|Any CPU
	EndGlobalSection
	GlobalSection(SolutionProperties) = preSolution
		HideSolutionNode = FALSE
	EndGlobalSection
	GlobalSection(ExtensibilityGlobals) = postSolution
		SolutionGuid = {1F219808-E6E8-4C1D-B846-41F2F7CF20FA}
	EndGlobalSection
EndGlobal
