
Microsoft Visual Studio Solution File, Format Version 12.00
# Visual Studio Version 16
VisualStudioVersion = 16.0.30804.86
MinimumVisualStudioVersion = 10.0.40219.1
Project("{9A19103F-16F7-4668-BE54-9A1E7A4F7556}") = "LQClass.AdminForWPF", "LQClass.AdminForWPF\LQClass.AdminForWPF.csproj", "{34293A3B-540B-4AD0-A49F-B325EF6C0F50}"
EndProject
Project("{9A19103F-16F7-4668-BE54-9A1E7A4F7556}") = "LQClass.AdminForWPF.Infrastructure", "LQClass.AdminForWPF.Infrastructure\LQClass.AdminForWPF.Infrastructure.csproj", "{B66335A4-1C52-4853-96F4-C1683FC3E36C}"
EndProject
Project("{9A19103F-16F7-4668-BE54-9A1E7A4F7556}") = "LQClass.CustomControls", "LQClass.CustomControls\LQClass.CustomControls.csproj", "{896F92C1-58F1-4642-8D16-1F5C6781005A}"
EndProject
Project("{2150E333-8FDC-42A3-9474-1A3956D46DE8}") = "Modules", "Modules", "{CF65061E-2AE5-4002-B737-8F657A77E0DA}"
EndProject
Project("{9A19103F-16F7-4668-BE54-9A1E7A4F7556}") = "LQClass.ModuleOfHome", "Modules\LQClass.ModuleOfHome\LQClass.ModuleOfHome.csproj", "{BB2DB45E-46C6-485F-ACA5-C6016C5811E9}"
EndProject
Project("{9A19103F-16F7-4668-BE54-9A1E7A4F7556}") = "LQClass.ModuleOfLog", "Modules\LQClass.ModuleOfLog\LQClass.ModuleOfLog.csproj", "{C2D2F2C8-2579-476F-AF9E-50E70ADE28BD}"
EndProject
Project("{9A19103F-16F7-4668-BE54-9A1E7A4F7556}") = "LQClass.ModuleOfUserManagement", "Modules\LQClass.ModuleOfUserManagement\LQClass.ModuleOfUserManagement.csproj", "{7B5B1AFC-D3C5-4394-A57A-EAECBB094370}"
EndProject
Project("{9A19103F-16F7-4668-BE54-9A1E7A4F7556}") = "LQClass.ModuleOfRoleManagement", "Modules\LQClass.ModuleOfRoleManagement\LQClass.ModuleOfRoleManagement.csproj", "{970A53EF-822F-46C2-8A5E-3D381199C109}"
EndProject
Project("{9A19103F-16F7-4668-BE54-9A1E7A4F7556}") = "LQClass.ModuleOfGroupManagement", "Modules\LQClass.ModuleOfGroupManagement\LQClass.ModuleOfGroupManagement.csproj", "{8C91737D-6EB9-4BBE-A55D-E71E48E3666D}"
EndProject
Project("{9A19103F-16F7-4668-BE54-9A1E7A4F7556}") = "LQClass.ModuleOfMenuManagement", "Modules\LQClass.ModuleOfMenuManagement\LQClass.ModuleOfMenuManagement.csproj", "{7A9CD9F0-C165-418C-8435-F21C8B6A8C50}"
EndProject
Project("{9A19103F-16F7-4668-BE54-9A1E7A4F7556}") = "LQClass.ModuleOfDataPrivilege", "Modules\LQClass.ModuleOfDataPrivilege\LQClass.ModuleOfDataPrivilege.csproj", "{6A9221D3-1439-40A5-99A3-C8EE7C975205}"
EndProject
Project("{9A19103F-16F7-4668-BE54-9A1E7A4F7556}") = "LQClass.AdminForWPF.ICommonService", "LQClass.AdminForWPF.ICommonService\LQClass.AdminForWPF.ICommonService.csproj", "{E8C8229A-F6AE-44FD-93F2-DEB2F7076977}"
EndProject
Project("{9A19103F-16F7-4668-BE54-9A1E7A4F7556}") = "LQClass.AdminForWPF.CommonService", "LQClass.AdminForWPF.CommonService\LQClass.AdminForWPF.CommonService.csproj", "{1C1FBDE4-98F7-4CB7-92D0-875FBC891634}"
EndProject
Global
	GlobalSection(SolutionConfigurationPlatforms) = preSolution
		Debug|Any CPU = Debug|Any CPU
		Release|Any CPU = Release|Any CPU
	EndGlobalSection
	GlobalSection(ProjectConfigurationPlatforms) = postSolution
		{34293A3B-540B-4AD0-A49F-B325EF6C0F50}.Debug|Any CPU.ActiveCfg = Debug|Any CPU
		{34293A3B-540B-4AD0-A49F-B325EF6C0F50}.Debug|Any CPU.Build.0 = Debug|Any CPU
		{34293A3B-540B-4AD0-A49F-B325EF6C0F50}.Release|Any CPU.ActiveCfg = Release|Any CPU
		{34293A3B-540B-4AD0-A49F-B325EF6C0F50}.Release|Any CPU.Build.0 = Release|Any CPU
		{B66335A4-1C52-4853-96F4-C1683FC3E36C}.Debug|Any CPU.ActiveCfg = Debug|Any CPU
		{B66335A4-1C52-4853-96F4-C1683FC3E36C}.Debug|Any CPU.Build.0 = Debug|Any CPU
		{B66335A4-1C52-4853-96F4-C1683FC3E36C}.Release|Any CPU.ActiveCfg = Release|Any CPU
		{B66335A4-1C52-4853-96F4-C1683FC3E36C}.Release|Any CPU.Build.0 = Release|Any CPU
		{896F92C1-58F1-4642-8D16-1F5C6781005A}.Debug|Any CPU.ActiveCfg = Debug|Any CPU
		{896F92C1-58F1-4642-8D16-1F5C6781005A}.Debug|Any CPU.Build.0 = Debug|Any CPU
		{896F92C1-58F1-4642-8D16-1F5C6781005A}.Release|Any CPU.ActiveCfg = Release|Any CPU
		{896F92C1-58F1-4642-8D16-1F5C6781005A}.Release|Any CPU.Build.0 = Release|Any CPU
		{BB2DB45E-46C6-485F-ACA5-C6016C5811E9}.Debug|Any CPU.ActiveCfg = Debug|Any CPU
		{BB2DB45E-46C6-485F-ACA5-C6016C5811E9}.Debug|Any CPU.Build.0 = Debug|Any CPU
		{BB2DB45E-46C6-485F-ACA5-C6016C5811E9}.Release|Any CPU.ActiveCfg = Release|Any CPU
		{BB2DB45E-46C6-485F-ACA5-C6016C5811E9}.Release|Any CPU.Build.0 = Release|Any CPU
		{C2D2F2C8-2579-476F-AF9E-50E70ADE28BD}.Debug|Any CPU.ActiveCfg = Debug|Any CPU
		{C2D2F2C8-2579-476F-AF9E-50E70ADE28BD}.Debug|Any CPU.Build.0 = Debug|Any CPU
		{C2D2F2C8-2579-476F-AF9E-50E70ADE28BD}.Release|Any CPU.ActiveCfg = Release|Any CPU
		{C2D2F2C8-2579-476F-AF9E-50E70ADE28BD}.Release|Any CPU.Build.0 = Release|Any CPU
		{7B5B1AFC-D3C5-4394-A57A-EAECBB094370}.Debug|Any CPU.ActiveCfg = Debug|Any CPU
		{7B5B1AFC-D3C5-4394-A57A-EAECBB094370}.Debug|Any CPU.Build.0 = Debug|Any CPU
		{7B5B1AFC-D3C5-4394-A57A-EAECBB094370}.Release|Any CPU.ActiveCfg = Release|Any CPU
		{7B5B1AFC-D3C5-4394-A57A-EAECBB094370}.Release|Any CPU.Build.0 = Release|Any CPU
		{970A53EF-822F-46C2-8A5E-3D381199C109}.Debug|Any CPU.ActiveCfg = Debug|Any CPU
		{970A53EF-822F-46C2-8A5E-3D381199C109}.Debug|Any CPU.Build.0 = Debug|Any CPU
		{970A53EF-822F-46C2-8A5E-3D381199C109}.Release|Any CPU.ActiveCfg = Release|Any CPU
		{970A53EF-822F-46C2-8A5E-3D381199C109}.Release|Any CPU.Build.0 = Release|Any CPU
		{8C91737D-6EB9-4BBE-A55D-E71E48E3666D}.Debug|Any CPU.ActiveCfg = Debug|Any CPU
		{8C91737D-6EB9-4BBE-A55D-E71E48E3666D}.Debug|Any CPU.Build.0 = Debug|Any CPU
		{8C91737D-6EB9-4BBE-A55D-E71E48E3666D}.Release|Any CPU.ActiveCfg = Release|Any CPU
		{8C91737D-6EB9-4BBE-A55D-E71E48E3666D}.Release|Any CPU.Build.0 = Release|Any CPU
		{7A9CD9F0-C165-418C-8435-F21C8B6A8C50}.Debug|Any CPU.ActiveCfg = Debug|Any CPU
		{7A9CD9F0-C165-418C-8435-F21C8B6A8C50}.Debug|Any CPU.Build.0 = Debug|Any CPU
		{7A9CD9F0-C165-418C-8435-F21C8B6A8C50}.Release|Any CPU.ActiveCfg = Release|Any CPU
		{7A9CD9F0-C165-418C-8435-F21C8B6A8C50}.Release|Any CPU.Build.0 = Release|Any CPU
		{6A9221D3-1439-40A5-99A3-C8EE7C975205}.Debug|Any CPU.ActiveCfg = Debug|Any CPU
		{6A9221D3-1439-40A5-99A3-C8EE7C975205}.Debug|Any CPU.Build.0 = Debug|Any CPU
		{6A9221D3-1439-40A5-99A3-C8EE7C975205}.Release|Any CPU.ActiveCfg = Release|Any CPU
		{6A9221D3-1439-40A5-99A3-C8EE7C975205}.Release|Any CPU.Build.0 = Release|Any CPU
		{E8C8229A-F6AE-44FD-93F2-DEB2F7076977}.Debug|Any CPU.ActiveCfg = Debug|Any CPU
		{E8C8229A-F6AE-44FD-93F2-DEB2F7076977}.Debug|Any CPU.Build.0 = Debug|Any CPU
		{E8C8229A-F6AE-44FD-93F2-DEB2F7076977}.Release|Any CPU.ActiveCfg = Release|Any CPU
		{E8C8229A-F6AE-44FD-93F2-DEB2F7076977}.Release|Any CPU.Build.0 = Release|Any CPU
		{1C1FBDE4-98F7-4CB7-92D0-875FBC891634}.Debug|Any CPU.ActiveCfg = Debug|Any CPU
		{1C1FBDE4-98F7-4CB7-92D0-875FBC891634}.Debug|Any CPU.Build.0 = Debug|Any CPU
		{1C1FBDE4-98F7-4CB7-92D0-875FBC891634}.Release|Any CPU.ActiveCfg = Release|Any CPU
		{1C1FBDE4-98F7-4CB7-92D0-875FBC891634}.Release|Any CPU.Build.0 = Release|Any CPU
	EndGlobalSection
	GlobalSection(SolutionProperties) = preSolution
		HideSolutionNode = FALSE
	EndGlobalSection
	GlobalSection(NestedProjects) = preSolution
		{BB2DB45E-46C6-485F-ACA5-C6016C5811E9} = {CF65061E-2AE5-4002-B737-8F657A77E0DA}
		{C2D2F2C8-2579-476F-AF9E-50E70ADE28BD} = {CF65061E-2AE5-4002-B737-8F657A77E0DA}
		{7B5B1AFC-D3C5-4394-A57A-EAECBB094370} = {CF65061E-2AE5-4002-B737-8F657A77E0DA}
		{970A53EF-822F-46C2-8A5E-3D381199C109} = {CF65061E-2AE5-4002-B737-8F657A77E0DA}
		{8C91737D-6EB9-4BBE-A55D-E71E48E3666D} = {CF65061E-2AE5-4002-B737-8F657A77E0DA}
		{7A9CD9F0-C165-418C-8435-F21C8B6A8C50} = {CF65061E-2AE5-4002-B737-8F657A77E0DA}
		{6A9221D3-1439-40A5-99A3-C8EE7C975205} = {CF65061E-2AE5-4002-B737-8F657A77E0DA}
	EndGlobalSection
	GlobalSection(ExtensibilityGlobals) = postSolution
		SolutionGuid = {62EA4233-BA9B-49E1-9EB5-9064D8235098}
	EndGlobalSection
EndGlobal
