
Microsoft Visual Studio Solution File, Format Version 12.00
# Visual Studio Version 16
VisualStudioVersion = 16.0.30804.86
MinimumVisualStudioVersion = 10.0.40219.1
Project("{FAE04EC0-301F-11D3-BF4B-00C04F79EFBC}") = "LQClass.AdminForWPF", "LQClass.AdminForWPF\LQClass.AdminForWPF.csproj", "{34293A3B-540B-4AD0-A49F-B325EF6C0F50}"
EndProject
Project("{FAE04EC0-301F-11D3-BF4B-00C04F79EFBC}") = "LQClass.AdminForWPF.Infrastructure", "LQClass.AdminForWPF.Infrastructure\LQClass.AdminForWPF.Infrastructure.csproj", "{B66335A4-1C52-4853-96F4-C1683FC3E36C}"
EndProject
Global
	GlobalSection(SolutionConfigurationPlatforms) = preSolution
		Debug|Any CPU = Debug|Any CPU
		Release|Any CPU = Release|Any CPU
	EndGlobalSection
	GlobalSection(ProjectConfigurationPlatforms) = postSolution
		{34293A3B-540B-4AD0-A49F-B325EF6C0F50}.Debug|Any CPU.ActiveCfg = Debug|Any CPU
		{34293A3B-540B-4AD0-A49F-B325EF6C0F50}.Debug|Any CPU.Build.0 = Debug|Any CPU
		{34293A3B-540B-4AD0-A49F-B325EF6C0F50}.Release|Any CPU.ActiveCfg = Release|Any CPU
		{34293A3B-540B-4AD0-A49F-B325EF6C0F50}.Release|Any CPU.Build.0 = Release|Any CPU
		{B66335A4-1C52-4853-96F4-C1683FC3E36C}.Debug|Any CPU.ActiveCfg = Debug|Any CPU
		{B66335A4-1C52-4853-96F4-C1683FC3E36C}.Debug|Any CPU.Build.0 = Debug|Any CPU
		{B66335A4-1C52-4853-96F4-C1683FC3E36C}.Release|Any CPU.ActiveCfg = Release|Any CPU
		{B66335A4-1C52-4853-96F4-C1683FC3E36C}.Release|Any CPU.Build.0 = Release|Any CPU
	EndGlobalSection
	GlobalSection(SolutionProperties) = preSolution
		HideSolutionNode = FALSE
	EndGlobalSection
	GlobalSection(ExtensibilityGlobals) = postSolution
		SolutionGuid = {62EA4233-BA9B-49E1-9EB5-9064D8235098}
	EndGlobalSection
EndGlobal
