
Microsoft Visual Studio Solution File, Format Version 12.00
# Visual Studio Version 16
VisualStudioVersion = 16.0.30804.86
MinimumVisualStudioVersion = 10.0.40219.1
Project("{9A19103F-16F7-4668-BE54-9A1E7A4F7556}") = "LQClass.AdminForWPF", "LQClass.AdminForWPF\LQClass.AdminForWPF.csproj", "{34293A3B-540B-4AD0-A49F-B325EF6C0F50}"
EndProject
Project("{9A19103F-16F7-4668-BE54-9A1E7A4F7556}") = "LQClass.AdminForWPF.Infrastructure", "LQClass.AdminForWPF.Infrastructure\LQClass.AdminForWPF.Infrastructure.csproj", "{B66335A4-1C52-4853-96F4-C1683FC3E36C}"
EndProject
Project("{9A19103F-16F7-4668-BE54-9A1E7A4F7556}") = "LQClass.CustomControls", "LQClass.CustomControls\LQClass.CustomControls.csproj", "{896F92C1-58F1-4642-8D16-1F5C6781005A}"
EndProject
Project("{2150E333-8FDC-42A3-9474-1A3956D46DE8}") = "Modules", "Modules", "{CF65061E-2AE5-4002-B737-8F657A77E0DA}"
EndProject
Project("{9A19103F-16F7-4668-BE54-9A1E7A4F7556}") = "LQClass.ModuleOfHome", "Modules\LQClass.ModuleOfHome\LQClass.ModuleOfHome.csproj", "{BB2DB45E-46C6-485F-ACA5-C6016C5811E9}"
EndProject
Project("{FAE04EC0-301F-11D3-BF4B-00C04F79EFBC}") = "LQClass.ModuleOfLog", "Modules\LQClass.ModuleOfLog\LQClass.ModuleOfLog.csproj", "{C2D2F2C8-2579-476F-AF9E-50E70ADE28BD}"
EndProject
Global
	GlobalSection(SolutionConfigurationPlatforms) = preSolution
		Debug|Any CPU = Debug|Any CPU
		Release|Any CPU = Release|Any CPU
	EndGlobalSection
	GlobalSection(ProjectConfigurationPlatforms) = postSolution
		{34293A3B-540B-4AD0-A49F-B325EF6C0F50}.Debug|Any CPU.ActiveCfg = Debug|Any CPU
		{34293A3B-540B-4AD0-A49F-B325EF6C0F50}.Debug|Any CPU.Build.0 = Debug|Any CPU
		{34293A3B-540B-4AD0-A49F-B325EF6C0F50}.Release|Any CPU.ActiveCfg = Release|Any CPU
		{34293A3B-540B-4AD0-A49F-B325EF6C0F50}.Release|Any CPU.Build.0 = Release|Any CPU
		{B66335A4-1C52-4853-96F4-C1683FC3E36C}.Debug|Any CPU.ActiveCfg = Debug|Any CPU
		{B66335A4-1C52-4853-96F4-C1683FC3E36C}.Debug|Any CPU.Build.0 = Debug|Any CPU
		{B66335A4-1C52-4853-96F4-C1683FC3E36C}.Release|Any CPU.ActiveCfg = Release|Any CPU
		{B66335A4-1C52-4853-96F4-C1683FC3E36C}.Release|Any CPU.Build.0 = Release|Any CPU
		{896F92C1-58F1-4642-8D16-1F5C6781005A}.Debug|Any CPU.ActiveCfg = Debug|Any CPU
		{896F92C1-58F1-4642-8D16-1F5C6781005A}.Debug|Any CPU.Build.0 = Debug|Any CPU
		{896F92C1-58F1-4642-8D16-1F5C6781005A}.Release|Any CPU.ActiveCfg = Release|Any CPU
		{896F92C1-58F1-4642-8D16-1F5C6781005A}.Release|Any CPU.Build.0 = Release|Any CPU
		{BB2DB45E-46C6-485F-ACA5-C6016C5811E9}.Debug|Any CPU.ActiveCfg = Debug|Any CPU
		{BB2DB45E-46C6-485F-ACA5-C6016C5811E9}.Debug|Any CPU.Build.0 = Debug|Any CPU
		{BB2DB45E-46C6-485F-ACA5-C6016C5811E9}.Release|Any CPU.ActiveCfg = Release|Any CPU
		{BB2DB45E-46C6-485F-ACA5-C6016C5811E9}.Release|Any CPU.Build.0 = Release|Any CPU
		{C2D2F2C8-2579-476F-AF9E-50E70ADE28BD}.Debug|Any CPU.ActiveCfg = Debug|Any CPU
		{C2D2F2C8-2579-476F-AF9E-50E70ADE28BD}.Debug|Any CPU.Build.0 = Debug|Any CPU
		{C2D2F2C8-2579-476F-AF9E-50E70ADE28BD}.Release|Any CPU.ActiveCfg = Release|Any CPU
		{C2D2F2C8-2579-476F-AF9E-50E70ADE28BD}.Release|Any CPU.Build.0 = Release|Any CPU
	EndGlobalSection
	GlobalSection(SolutionProperties) = preSolution
		HideSolutionNode = FALSE
	EndGlobalSection
	GlobalSection(NestedProjects) = preSolution
		{BB2DB45E-46C6-485F-ACA5-C6016C5811E9} = {CF65061E-2AE5-4002-B737-8F657A77E0DA}
		{C2D2F2C8-2579-476F-AF9E-50E70ADE28BD} = {CF65061E-2AE5-4002-B737-8F657A77E0DA}
	EndGlobalSection
	GlobalSection(ExtensibilityGlobals) = postSolution
		SolutionGuid = {62EA4233-BA9B-49E1-9EB5-9064D8235098}
	EndGlobalSection
EndGlobal
