
Microsoft Visual Studio Solution File, Format Version 12.00
# Visual Studio Version 16
VisualStudioVersion = 16.0.31025.218
MinimumVisualStudioVersion = 10.0.40219.1
Project("{9A19103F-16F7-4668-BE54-9A1E7A4F7556}") = "LQClass.WebApi", "LQClass.WebApi\LQClass.WebApi.csproj", "{EB1F888D-FA1E-49E1-8DDD-814D9B603777}"
EndProject
Project("{9A19103F-16F7-4668-BE54-9A1E7A4F7556}") = "LQClass.Model", "LQClass.Model\LQClass.Model.csproj", "{8512B240-619C-47A8-914E-06309CE6D7C1}"
EndProject
Project("{2150E333-8FDC-42A3-9474-1A3956D46DE8}") = "Repository", "Repository", "{78F4A0CA-318E-4B62-873A-FB798E1038D1}"
EndProject
Project("{2150E333-8FDC-42A3-9474-1A3956D46DE8}") = "Service", "Service", "{B06EC9A4-2ADF-4D1C-92D6-065E7104A63D}"
EndProject
Project("{9A19103F-16F7-4668-BE54-9A1E7A4F7556}") = "LQClass.IRepository", "LQClass.IRepository\LQClass.IRepository.csproj", "{B4FC7959-391F-4B1F-A177-C69807927903}"
EndProject
Project("{9A19103F-16F7-4668-BE54-9A1E7A4F7556}") = "LQClass.Repository", "LQClass.Repository\LQClass.Repository.csproj", "{4C721364-4661-4B88-9D2A-7C7EABA7D0CA}"
EndProject
Project("{FAE04EC0-301F-11D3-BF4B-00C04F79EFBC}") = "LQClass.IService", "LQClass.IService\LQClass.IService.csproj", "{BC360EC8-5494-4351-928B-DD5CDCCDEEB8}"
EndProject
Project("{FAE04EC0-301F-11D3-BF4B-00C04F79EFBC}") = "LQClass.Service", "LQClass.Service\LQClass.Service.csproj", "{5F9A7AFA-C9B2-497B-9A32-C02E559EF8C4}"
EndProject
Global
	GlobalSection(SolutionConfigurationPlatforms) = preSolution
		Debug|Any CPU = Debug|Any CPU
		Release|Any CPU = Release|Any CPU
	EndGlobalSection
	GlobalSection(ProjectConfigurationPlatforms) = postSolution
		{EB1F888D-FA1E-49E1-8DDD-814D9B603777}.Debug|Any CPU.ActiveCfg = Debug|Any CPU
		{EB1F888D-FA1E-49E1-8DDD-814D9B603777}.Debug|Any CPU.Build.0 = Debug|Any CPU
		{EB1F888D-FA1E-49E1-8DDD-814D9B603777}.Release|Any CPU.ActiveCfg = Release|Any CPU
		{EB1F888D-FA1E-49E1-8DDD-814D9B603777}.Release|Any CPU.Build.0 = Release|Any CPU
		{8512B240-619C-47A8-914E-06309CE6D7C1}.Debug|Any CPU.ActiveCfg = Debug|Any CPU
		{8512B240-619C-47A8-914E-06309CE6D7C1}.Debug|Any CPU.Build.0 = Debug|Any CPU
		{8512B240-619C-47A8-914E-06309CE6D7C1}.Release|Any CPU.ActiveCfg = Release|Any CPU
		{8512B240-619C-47A8-914E-06309CE6D7C1}.Release|Any CPU.Build.0 = Release|Any CPU
		{B4FC7959-391F-4B1F-A177-C69807927903}.Debug|Any CPU.ActiveCfg = Debug|Any CPU
		{B4FC7959-391F-4B1F-A177-C69807927903}.Debug|Any CPU.Build.0 = Debug|Any CPU
		{B4FC7959-391F-4B1F-A177-C69807927903}.Release|Any CPU.ActiveCfg = Release|Any CPU
		{B4FC7959-391F-4B1F-A177-C69807927903}.Release|Any CPU.Build.0 = Release|Any CPU
		{4C721364-4661-4B88-9D2A-7C7EABA7D0CA}.Debug|Any CPU.ActiveCfg = Debug|Any CPU
		{4C721364-4661-4B88-9D2A-7C7EABA7D0CA}.Debug|Any CPU.Build.0 = Debug|Any CPU
		{4C721364-4661-4B88-9D2A-7C7EABA7D0CA}.Release|Any CPU.ActiveCfg = Release|Any CPU
		{4C721364-4661-4B88-9D2A-7C7EABA7D0CA}.Release|Any CPU.Build.0 = Release|Any CPU
		{BC360EC8-5494-4351-928B-DD5CDCCDEEB8}.Debug|Any CPU.ActiveCfg = Debug|Any CPU
		{BC360EC8-5494-4351-928B-DD5CDCCDEEB8}.Debug|Any CPU.Build.0 = Debug|Any CPU
		{BC360EC8-5494-4351-928B-DD5CDCCDEEB8}.Release|Any CPU.ActiveCfg = Release|Any CPU
		{BC360EC8-5494-4351-928B-DD5CDCCDEEB8}.Release|Any CPU.Build.0 = Release|Any CPU
		{5F9A7AFA-C9B2-497B-9A32-C02E559EF8C4}.Debug|Any CPU.ActiveCfg = Debug|Any CPU
		{5F9A7AFA-C9B2-497B-9A32-C02E559EF8C4}.Debug|Any CPU.Build.0 = Debug|Any CPU
		{5F9A7AFA-C9B2-497B-9A32-C02E559EF8C4}.Release|Any CPU.ActiveCfg = Release|Any CPU
		{5F9A7AFA-C9B2-497B-9A32-C02E559EF8C4}.Release|Any CPU.Build.0 = Release|Any CPU
	EndGlobalSection
	GlobalSection(SolutionProperties) = preSolution
		HideSolutionNode = FALSE
	EndGlobalSection
	GlobalSection(NestedProjects) = preSolution
		{B4FC7959-391F-4B1F-A177-C69807927903} = {78F4A0CA-318E-4B62-873A-FB798E1038D1}
		{4C721364-4661-4B88-9D2A-7C7EABA7D0CA} = {78F4A0CA-318E-4B62-873A-FB798E1038D1}
		{BC360EC8-5494-4351-928B-DD5CDCCDEEB8} = {B06EC9A4-2ADF-4D1C-92D6-065E7104A63D}
		{5F9A7AFA-C9B2-497B-9A32-C02E559EF8C4} = {B06EC9A4-2ADF-4D1C-92D6-065E7104A63D}
	EndGlobalSection
	GlobalSection(ExtensibilityGlobals) = postSolution
		SolutionGuid = {BED6A18F-3DEB-4D75-8BD0-8817789DBFEF}
	EndGlobalSection
EndGlobal
