
Microsoft Visual Studio Solution File, Format Version 12.00
# Visual Studio Version 16
VisualStudioVersion = 16.0.31220.234
MinimumVisualStudioVersion = 10.0.40219.1
Project("{FAE04EC0-301F-11D3-BF4B-00C04F79EFBC}") = "LQClass.WebAPI", "LQClass.WebAPI.csproj", "{0A7FD726-C276-4FCB-9455-178492E833F2}"
EndProject
Global
	GlobalSection(SolutionConfigurationPlatforms) = preSolution
		Debug|Any CPU = Debug|Any CPU
		Release|Any CPU = Release|Any CPU
	EndGlobalSection
	GlobalSection(ProjectConfigurationPlatforms) = postSolution
		{0A7FD726-C276-4FCB-9455-178492E833F2}.Debug|Any CPU.ActiveCfg = Debug|Any CPU
		{0A7FD726-C276-4FCB-9455-178492E833F2}.Debug|Any CPU.Build.0 = Debug|Any CPU
		{0A7FD726-C276-4FCB-9455-178492E833F2}.Release|Any CPU.ActiveCfg = Release|Any CPU
		{0A7FD726-C276-4FCB-9455-178492E833F2}.Release|Any CPU.Build.0 = Release|Any CPU
	EndGlobalSection
	GlobalSection(SolutionProperties) = preSolution
		HideSolutionNode = FALSE
	EndGlobalSection
	GlobalSection(ExtensibilityGlobals) = postSolution
		SolutionGuid = {45048669-4C98-4436-B33B-6F6FEA160837}
	EndGlobalSection
EndGlobal
