
Microsoft Visual Studio Solution File, Format Version 12.00
# Visual Studio Version 16
VisualStudioVersion = 16.0.30711.63
MinimumVisualStudioVersion = 10.0.40219.1
Project("{9A19103F-16F7-4668-BE54-9A1E7A4F7556}") = "LQClass", "LQClass\LQClass.csproj", "{54AF1357-A74E-43C4-98E3-A24115D419ED}"
EndProject
Project("{9A19103F-16F7-4668-BE54-9A1E7A4F7556}") = "LQClass.Model", "LQClass.Model\LQClass.Model.csproj", "{5D52B1AD-7C1D-40EF-BB0E-F16BD5EDDBB8}"
EndProject
Project("{9A19103F-16F7-4668-BE54-9A1E7A4F7556}") = "LQClass.DataAccess", "LQClass.DataAccess\LQClass.DataAccess.csproj", "{FDE3B070-D86C-4021-A0CF-72E87F48F11B}"
EndProject
Project("{9A19103F-16F7-4668-BE54-9A1E7A4F7556}") = "LQClass.ViewModel", "LQClass.ViewModel\LQClass.ViewModel.csproj", "{952DE9DD-19D1-4E4E-94C8-36C4EC002096}"
EndProject
Project("{9A19103F-16F7-4668-BE54-9A1E7A4F7556}") = "LQClass.Test", "LQClass.Test\LQClass.Test.csproj", "{EE47D755-446A-4056-BD37-E93A590965A2}"
EndProject
Global
	GlobalSection(SolutionConfigurationPlatforms) = preSolution
		Debug|Any CPU = Debug|Any CPU
		Release|Any CPU = Release|Any CPU
	EndGlobalSection
	GlobalSection(ProjectConfigurationPlatforms) = postSolution
		{54AF1357-A74E-43C4-98E3-A24115D419ED}.Debug|Any CPU.ActiveCfg = Debug|Any CPU
		{54AF1357-A74E-43C4-98E3-A24115D419ED}.Debug|Any CPU.Build.0 = Debug|Any CPU
		{54AF1357-A74E-43C4-98E3-A24115D419ED}.Release|Any CPU.ActiveCfg = Release|Any CPU
		{54AF1357-A74E-43C4-98E3-A24115D419ED}.Release|Any CPU.Build.0 = Release|Any CPU
		{5D52B1AD-7C1D-40EF-BB0E-F16BD5EDDBB8}.Debug|Any CPU.ActiveCfg = Debug|Any CPU
		{5D52B1AD-7C1D-40EF-BB0E-F16BD5EDDBB8}.Debug|Any CPU.Build.0 = Debug|Any CPU
		{5D52B1AD-7C1D-40EF-BB0E-F16BD5EDDBB8}.Release|Any CPU.ActiveCfg = Release|Any CPU
		{5D52B1AD-7C1D-40EF-BB0E-F16BD5EDDBB8}.Release|Any CPU.Build.0 = Release|Any CPU
		{FDE3B070-D86C-4021-A0CF-72E87F48F11B}.Debug|Any CPU.ActiveCfg = Debug|Any CPU
		{FDE3B070-D86C-4021-A0CF-72E87F48F11B}.Debug|Any CPU.Build.0 = Debug|Any CPU
		{FDE3B070-D86C-4021-A0CF-72E87F48F11B}.Release|Any CPU.ActiveCfg = Release|Any CPU
		{FDE3B070-D86C-4021-A0CF-72E87F48F11B}.Release|Any CPU.Build.0 = Release|Any CPU
		{952DE9DD-19D1-4E4E-94C8-36C4EC002096}.Debug|Any CPU.ActiveCfg = Debug|Any CPU
		{952DE9DD-19D1-4E4E-94C8-36C4EC002096}.Debug|Any CPU.Build.0 = Debug|Any CPU
		{952DE9DD-19D1-4E4E-94C8-36C4EC002096}.Release|Any CPU.ActiveCfg = Release|Any CPU
		{952DE9DD-19D1-4E4E-94C8-36C4EC002096}.Release|Any CPU.Build.0 = Release|Any CPU
		{EE47D755-446A-4056-BD37-E93A590965A2}.Debug|Any CPU.ActiveCfg = Debug|Any CPU
		{EE47D755-446A-4056-BD37-E93A590965A2}.Debug|Any CPU.Build.0 = Debug|Any CPU
		{EE47D755-446A-4056-BD37-E93A590965A2}.Release|Any CPU.ActiveCfg = Release|Any CPU
		{EE47D755-446A-4056-BD37-E93A590965A2}.Release|Any CPU.Build.0 = Release|Any CPU
	EndGlobalSection
	GlobalSection(SolutionProperties) = preSolution
		HideSolutionNode = FALSE
	EndGlobalSection
	GlobalSection(ExtensibilityGlobals) = postSolution
		SolutionGuid = {1F219808-E6E8-4C1D-B846-41F2F7CF20FA}
	EndGlobalSection
EndGlobal
