
Microsoft Visual Studio Solution File, Format Version 12.00
# Visual Studio Version 16
VisualStudioVersion = 16.0.30711.63
MinimumVisualStudioVersion = 10.0.40219.1
Project("{9A19103F-16F7-4668-BE54-9A1E7A4F7556}") = "lqclass.com", "lqclass.com\lqclass.com.csproj", "{23B76140-BF31-4D9E-BFA6-AF085EF72005}"
EndProject
Project("{9A19103F-16F7-4668-BE54-9A1E7A4F7556}") = "lqclass.com.Model", "lqclass.com.Model\lqclass.com.Model.csproj", "{2194F457-2D7A-45EF-866C-2970D838F429}"
EndProject
Project("{9A19103F-16F7-4668-BE54-9A1E7A4F7556}") = "lqclass.com.DataAccess", "lqclass.com.DataAccess\lqclass.com.DataAccess.csproj", "{5D8F20AA-DE07-432A-92DB-27FD696E40F7}"
EndProject
Project("{9A19103F-16F7-4668-BE54-9A1E7A4F7556}") = "lqclass.com.ViewModel", "lqclass.com.ViewModel\lqclass.com.ViewModel.csproj", "{360B4CEC-25CA-4A93-BD34-D62848243F1B}"
EndProject
Project("{9A19103F-16F7-4668-BE54-9A1E7A4F7556}") = "lqclass.com.Test", "lqclass.com.Test\lqclass.com.Test.csproj", "{30D9FA7D-E0F6-47B4-B7B5-627ACD91A3D5}"
EndProject
Global
	GlobalSection(SolutionConfigurationPlatforms) = preSolution
		Debug|Any CPU = Debug|Any CPU
		Release|Any CPU = Release|Any CPU
	EndGlobalSection
	GlobalSection(ProjectConfigurationPlatforms) = postSolution
		{23B76140-BF31-4D9E-BFA6-AF085EF72005}.Debug|Any CPU.ActiveCfg = Debug|Any CPU
		{23B76140-BF31-4D9E-BFA6-AF085EF72005}.Debug|Any CPU.Build.0 = Debug|Any CPU
		{23B76140-BF31-4D9E-BFA6-AF085EF72005}.Release|Any CPU.ActiveCfg = Release|Any CPU
		{23B76140-BF31-4D9E-BFA6-AF085EF72005}.Release|Any CPU.Build.0 = Release|Any CPU
		{2194F457-2D7A-45EF-866C-2970D838F429}.Debug|Any CPU.ActiveCfg = Debug|Any CPU
		{2194F457-2D7A-45EF-866C-2970D838F429}.Debug|Any CPU.Build.0 = Debug|Any CPU
		{2194F457-2D7A-45EF-866C-2970D838F429}.Release|Any CPU.ActiveCfg = Release|Any CPU
		{2194F457-2D7A-45EF-866C-2970D838F429}.Release|Any CPU.Build.0 = Release|Any CPU
		{5D8F20AA-DE07-432A-92DB-27FD696E40F7}.Debug|Any CPU.ActiveCfg = Debug|Any CPU
		{5D8F20AA-DE07-432A-92DB-27FD696E40F7}.Debug|Any CPU.Build.0 = Debug|Any CPU
		{5D8F20AA-DE07-432A-92DB-27FD696E40F7}.Release|Any CPU.ActiveCfg = Release|Any CPU
		{5D8F20AA-DE07-432A-92DB-27FD696E40F7}.Release|Any CPU.Build.0 = Release|Any CPU
		{360B4CEC-25CA-4A93-BD34-D62848243F1B}.Debug|Any CPU.ActiveCfg = Debug|Any CPU
		{360B4CEC-25CA-4A93-BD34-D62848243F1B}.Debug|Any CPU.Build.0 = Debug|Any CPU
		{360B4CEC-25CA-4A93-BD34-D62848243F1B}.Release|Any CPU.ActiveCfg = Release|Any CPU
		{360B4CEC-25CA-4A93-BD34-D62848243F1B}.Release|Any CPU.Build.0 = Release|Any CPU
		{30D9FA7D-E0F6-47B4-B7B5-627ACD91A3D5}.Debug|Any CPU.ActiveCfg = Debug|Any CPU
		{30D9FA7D-E0F6-47B4-B7B5-627ACD91A3D5}.Debug|Any CPU.Build.0 = Debug|Any CPU
		{30D9FA7D-E0F6-47B4-B7B5-627ACD91A3D5}.Release|Any CPU.ActiveCfg = Release|Any CPU
		{30D9FA7D-E0F6-47B4-B7B5-627ACD91A3D5}.Release|Any CPU.Build.0 = Release|Any CPU
	EndGlobalSection
	GlobalSection(SolutionProperties) = preSolution
		HideSolutionNode = FALSE
	EndGlobalSection
	GlobalSection(ExtensibilityGlobals) = postSolution
		SolutionGuid = {1F219808-E6E8-4C1D-B846-41F2F7CF20FA}
	EndGlobalSection
EndGlobal
